
Microsoft Visual Studio Solution File, Format Version 12.00
# Visual Studio Version 17
VisualStudioVersion = 17.1.32228.430
MinimumVisualStudioVersion = 10.0.40219.1
Project("{FAE04EC0-301F-11D3-BF4B-00C04F79EFBC}") = "bp2-server", "bp2-server\bp2-server.csproj", "{3BF11047-823E-4B69-99C8-98F08F0A2FB8}"
EndProject
Global
	GlobalSection(SolutionConfigurationPlatforms) = preSolution
		Debug|Any CPU = Debug|Any CPU
		Release|Any CPU = Release|Any CPU
	EndGlobalSection
	GlobalSection(ProjectConfigurationPlatforms) = postSolution
		{3BF11047-823E-4B69-99C8-98F08F0A2FB8}.Debug|Any CPU.ActiveCfg = Debug|Any CPU
		{3BF11047-823E-4B69-99C8-98F08F0A2FB8}.Debug|Any CPU.Build.0 = Debug|Any CPU
		{3BF11047-823E-4B69-99C8-98F08F0A2FB8}.Release|Any CPU.ActiveCfg = Release|Any CPU
		{3BF11047-823E-4B69-99C8-98F08F0A2FB8}.Release|Any CPU.Build.0 = Release|Any CPU
	EndGlobalSection
	GlobalSection(SolutionProperties) = preSolution
		HideSolutionNode = FALSE
	EndGlobalSection
	GlobalSection(ExtensibilityGlobals) = postSolution
		SolutionGuid = {9718AB16-8C7B-4D11-A63F-C57ECC28BD04}
	EndGlobalSection
EndGlobal
